// !$*UTF8*$!
{
	archiveVersion = 1;
	classes = {
	};
	objectVersion = 56;
	objects = {

/* Begin PBXBuildFile section */
		3865F2462B6944A900A80753 /* AppDelegate.swift in Sources */ = {isa = PBXBuildFile; fileRef = 3865F2452B6944A900A80753 /* AppDelegate.swift */; };
		3865F2482B6944A900A80753 /* SceneDelegate.swift in Sources */ = {isa = PBXBuildFile; fileRef = 3865F2472B6944A900A80753 /* SceneDelegate.swift */; };
		3865F24D2B6944A900A80753 /* Main.storyboard in Resources */ = {isa = PBXBuildFile; fileRef = 3865F24B2B6944A900A80753 /* Main.storyboard */; };
		3865F24F2B6944AB00A80753 /* Assets.xcassets in Resources */ = {isa = PBXBuildFile; fileRef = 3865F24E2B6944AB00A80753 /* Assets.xcassets */; };
		3865F2522B6944AB00A80753 /* LaunchScreen.storyboard in Resources */ = {isa = PBXBuildFile; fileRef = 3865F2502B6944AB00A80753 /* LaunchScreen.storyboard */; };
		3865F25C2B694E8100A80753 /* LoginViewController.swift in Sources */ = {isa = PBXBuildFile; fileRef = 3865F25B2B694E8100A80753 /* LoginViewController.swift */; };
		3865F25E2B694E8E00A80753 /* SignUpViewController.swift in Sources */ = {isa = PBXBuildFile; fileRef = 3865F25D2B694E8E00A80753 /* SignUpViewController.swift */; };
		3865F2602B694E9E00A80753 /* MenuViewController.swift in Sources */ = {isa = PBXBuildFile; fileRef = 3865F25F2B694E9D00A80753 /* MenuViewController.swift */; };
		3865F2622B694EA900A80753 /* EarnViewController.swift in Sources */ = {isa = PBXBuildFile; fileRef = 3865F2612B694EA900A80753 /* EarnViewController.swift */; };
		3865F2642B694EB800A80753 /* StoreViewController.swift in Sources */ = {isa = PBXBuildFile; fileRef = 3865F2632B694EB800A80753 /* StoreViewController.swift */; };
		3865F2662B694ED500A80753 /* ProductViewController.swift in Sources */ = {isa = PBXBuildFile; fileRef = 3865F2652B694ED500A80753 /* ProductViewController.swift */; };
		38F530882B6A9E14001496D1 /* GlobalVars.swift in Sources */ = {isa = PBXBuildFile; fileRef = 38F530872B6A9E14001496D1 /* GlobalVars.swift */; };
/* End PBXBuildFile section */

/* Begin PBXFileReference section */
		3865F2422B6944A900A80753 /* Store.app */ = {isa = PBXFileReference; explicitFileType = wrapper.application; includeInIndex = 0; path = Store.app; sourceTree = BUILT_PRODUCTS_DIR; };
		3865F2452B6944A900A80753 /* AppDelegate.swift */ = {isa = PBXFileReference; lastKnownFileType = sourcecode.swift; path = AppDelegate.swift; sourceTree = "<group>"; };
		3865F2472B6944A900A80753 /* SceneDelegate.swift */ = {isa = PBXFileReference; lastKnownFileType = sourcecode.swift; path = SceneDelegate.swift; sourceTree = "<group>"; };
		3865F24C2B6944A900A80753 /* Base */ = {isa = PBXFileReference; lastKnownFileType = file.storyboard; name = Base; path = Base.lproj/Main.storyboard; sourceTree = "<group>"; };
		3865F24E2B6944AB00A80753 /* Assets.xcassets */ = {isa = PBXFileReference; lastKnownFileType = folder.assetcatalog; path = Assets.xcassets; sourceTree = "<group>"; };
		3865F2512B6944AB00A80753 /* Base */ = {isa = PBXFileReference; lastKnownFileType = file.storyboard; name = Base; path = Base.lproj/LaunchScreen.storyboard; sourceTree = "<group>"; };
		3865F2532B6944AB00A80753 /* Info.plist */ = {isa = PBXFileReference; lastKnownFileType = text.plist.xml; path = Info.plist; sourceTree = "<group>"; };
		3865F25B2B694E8100A80753 /* LoginViewController.swift */ = {isa = PBXFileReference; lastKnownFileType = sourcecode.swift; path = LoginViewController.swift; sourceTree = "<group>"; };
		3865F25D2B694E8E00A80753 /* SignUpViewController.swift */ = {isa = PBXFileReference; lastKnownFileType = sourcecode.swift; path = SignUpViewController.swift; sourceTree = "<group>"; };
		3865F25F2B694E9D00A80753 /* MenuViewController.swift */ = {isa = PBXFileReference; lastKnownFileType = sourcecode.swift; path = MenuViewController.swift; sourceTree = "<group>"; };
		3865F2612B694EA900A80753 /* EarnViewController.swift */ = {isa = PBXFileReference; lastKnownFileType = sourcecode.swift; path = EarnViewController.swift; sourceTree = "<group>"; };
		3865F2632B694EB800A80753 /* StoreViewController.swift */ = {isa = PBXFileReference; lastKnownFileType = sourcecode.swift; path = StoreViewController.swift; sourceTree = "<group>"; };
		3865F2652B694ED500A80753 /* ProductViewController.swift */ = {isa = PBXFileReference; lastKnownFileType = sourcecode.swift; path = ProductViewController.swift; sourceTree = "<group>"; };
		38F530872B6A9E14001496D1 /* GlobalVars.swift */ = {isa = PBXFileReference; lastKnownFileType = sourcecode.swift; path = GlobalVars.swift; sourceTree = "<group>"; };
/* End PBXFileReference section */

/* Begin PBXFrameworksBuildPhase section */
		3865F23F2B6944A900A80753 /* Frameworks */ = {
			isa = PBXFrameworksBuildPhase;
			buildActionMask = 2147483647;
			files = (
			);
			runOnlyForDeploymentPostprocessing = 0;
		};
/* End PBXFrameworksBuildPhase section */

/* Begin PBXGroup section */
		3865F2392B6944A900A80753 = {
			isa = PBXGroup;
			children = (
				3865F2442B6944A900A80753 /* Store */,
				3865F2432B6944A900A80753 /* Products */,
			);
			sourceTree = "<group>";
		};
		3865F2432B6944A900A80753 /* Products */ = {
			isa = PBXGroup;
			children = (
				3865F2422B6944A900A80753 /* Store.app */,
			);
			name = Products;
			sourceTree = "<group>";
		};
		3865F2442B6944A900A80753 /* Store */ = {
			isa = PBXGroup;
			children = (
				38F530862B6A9DD7001496D1 /* Module */,
				3865F25A2B694E5600A80753 /* Controller */,
				3865F2592B694E4600A80753 /* View */,
				3865F2472B6944A900A80753 /* SceneDelegate.swift */,
				3865F2452B6944A900A80753 /* AppDelegate.swift */,
				3865F24E2B6944AB00A80753 /* Assets.xcassets */,
				3865F2532B6944AB00A80753 /* Info.plist */,
			);
			path = Store;
			sourceTree = "<group>";
		};
		3865F2592B694E4600A80753 /* View */ = {
			isa = PBXGroup;
			children = (
				3865F2502B6944AB00A80753 /* LaunchScreen.storyboard */,
				3865F24B2B6944A900A80753 /* Main.storyboard */,
			);
			path = View;
			sourceTree = "<group>";
		};
		3865F25A2B694E5600A80753 /* Controller */ = {
			isa = PBXGroup;
			children = (
				3865F25B2B694E8100A80753 /* LoginViewController.swift */,
				3865F25D2B694E8E00A80753 /* SignUpViewController.swift */,
				3865F25F2B694E9D00A80753 /* MenuViewController.swift */,
				3865F2612B694EA900A80753 /* EarnViewController.swift */,
				3865F2632B694EB800A80753 /* StoreViewController.swift */,
				3865F2652B694ED500A80753 /* ProductViewController.swift */,
			);
			path = Controller;
			sourceTree = "<group>";
		};
		38F530862B6A9DD7001496D1 /* Module */ = {
			isa = PBXGroup;
			children = (
				38F530872B6A9E14001496D1 /* GlobalVars.swift */,
			);
			path = Module;
			sourceTree = "<group>";
		};
/* End PBXGroup section */

/* Begin PBXNativeTarget section */
		3865F2412B6944A900A80753 /* Store */ = {
			isa = PBXNativeTarget;
			buildConfigurationList = 3865F2562B6944AB00A80753 /* Build configuration list for PBXNativeTarget "Store" */;
			buildPhases = (
				3865F23E2B6944A900A80753 /* Sources */,
				3865F23F2B6944A900A80753 /* Frameworks */,
				3865F2402B6944A900A80753 /* Resources */,
			);
			buildRules = (
			);
			dependencies = (
			);
			name = Store;
			productName = Store;
			productReference = 3865F2422B6944A900A80753 /* Store.app */;
			productType = "com.apple.product-type.application";
		};
/* End PBXNativeTarget section */

/* Begin PBXProject section */
		3865F23A2B6944A900A80753 /* Project object */ = {
			isa = PBXProject;
			attributes = {
				BuildIndependentTargetsInParallel = 1;
				LastSwiftUpdateCheck = 1500;
				LastUpgradeCheck = 1500;
				TargetAttributes = {
					3865F2412B6944A900A80753 = {
						CreatedOnToolsVersion = 15.0.1;
					};
				};
			};
			buildConfigurationList = 3865F23D2B6944A900A80753 /* Build configuration list for PBXProject "Store" */;
			compatibilityVersion = "Xcode 14.0";
			developmentRegion = en;
			hasScannedForEncodings = 0;
			knownRegions = (
				en,
				Base,
			);
			mainGroup = 3865F2392B6944A900A80753;
			productRefGroup = 3865F2432B6944A900A80753 /* Products */;
			projectDirPath = "";
			projectRoot = "";
			targets = (
				3865F2412B6944A900A80753 /* Store */,
			);
		};
/* End PBXProject section */

/* Begin PBXResourcesBuildPhase section */
		3865F2402B6944A900A80753 /* Resources */ = {
			isa = PBXResourcesBuildPhase;
			buildActionMask = 2147483647;
			files = (
				3865F2522B6944AB00A80753 /* LaunchScreen.storyboard in Resources */,
				3865F24F2B6944AB00A80753 /* Assets.xcassets in Resources */,
				3865F24D2B6944A900A80753 /* Main.storyboard in Resources */,
			);
			runOnlyForDeploymentPostprocessing = 0;
		};
/* End PBXResourcesBuildPhase section */

/* Begin PBXSourcesBuildPhase section */
		3865F23E2B6944A900A80753 /* Sources */ = {
			isa = PBXSourcesBuildPhase;
			buildActionMask = 2147483647;
			files = (
				3865F2622B694EA900A80753 /* EarnViewController.swift in Sources */,
				38F530882B6A9E14001496D1 /* GlobalVars.swift in Sources */,
				3865F25C2B694E8100A80753 /* LoginViewController.swift in Sources */,
				3865F2602B694E9E00A80753 /* MenuViewController.swift in Sources */,
				3865F2462B6944A900A80753 /* AppDelegate.swift in Sources */,
				3865F25E2B694E8E00A80753 /* SignUpViewController.swift in Sources */,
				3865F2482B6944A900A80753 /* SceneDelegate.swift in Sources */,
				3865F2662B694ED500A80753 /* ProductViewController.swift in Sources */,
				3865F2642B694EB800A80753 /* StoreViewController.swift in Sources */,
			);
			runOnlyForDeploymentPostprocessing = 0;
		};
/* End PBXSourcesBuildPhase section */

/* Begin PBXVariantGroup section */
		3865F24B2B6944A900A80753 /* Main.storyboard */ = {
			isa = PBXVariantGroup;
			children = (
				3865F24C2B6944A900A80753 /* Base */,
			);
			name = Main.storyboard;
			sourceTree = "<group>";
		};
		3865F2502B6944AB00A80753 /* LaunchScreen.storyboard */ = {
			isa = PBXVariantGroup;
			children = (
				3865F2512B6944AB00A80753 /* Base */,
			);
			name = LaunchScreen.storyboard;
			sourceTree = "<group>";
		};
/* End PBXVariantGroup section */

/* Begin XCBuildConfiguration section */
		3865F2542B6944AB00A80753 /* Debug */ = {
			isa = XCBuildConfiguration;
			buildSettings = {
				ALWAYS_SEARCH_USER_PATHS = NO;
				ASSETCATALOG_COMPILER_GENERATE_SWIFT_ASSET_SYMBOL_EXTENSIONS = YES;
				CLANG_ANALYZER_NONNULL = YES;
				CLANG_ANALYZER_NUMBER_OBJECT_CONVERSION = YES_AGGRESSIVE;
				CLANG_CXX_LANGUAGE_STANDARD = "gnu++20";
				CLANG_ENABLE_MODULES = YES;
				CLANG_ENABLE_OBJC_ARC = YES;
				CLANG_ENABLE_OBJC_WEAK = YES;
				CLANG_WARN_BLOCK_CAPTURE_AUTORELEASING = YES;
				CLANG_WARN_BOOL_CONVERSION = YES;
				CLANG_WARN_COMMA = YES;
				CLANG_WARN_CONSTANT_CONVERSION = YES;
				CLANG_WARN_DEPRECATED_OBJC_IMPLEMENTATIONS = YES;
				CLANG_WARN_DIRECT_OBJC_ISA_USAGE = YES_ERROR;
				CLANG_WARN_DOCUMENTATION_COMMENTS = YES;
				CLANG_WARN_EMPTY_BODY = YES;
				CLANG_WARN_ENUM_CONVERSION = YES;
				CLANG_WARN_INFINITE_RECURSION = YES;
				CLANG_WARN_INT_CONVERSION = YES;
				CLANG_WARN_NON_LITERAL_NULL_CONVERSION = YES;
				CLANG_WARN_OBJC_IMPLICIT_RETAIN_SELF = YES;
				CLANG_WARN_OBJC_LITERAL_CONVERSION = YES;
				CLANG_WARN_OBJC_ROOT_CLASS = YES_ERROR;
				CLANG_WARN_QUOTED_INCLUDE_IN_FRAMEWORK_HEADER = YES;
				CLANG_WARN_RANGE_LOOP_ANALYSIS = YES;
				CLANG_WARN_STRICT_PROTOTYPES = YES;
				CLANG_WARN_SUSPICIOUS_MOVE = YES;
				CLANG_WARN_UNGUARDED_AVAILABILITY = YES_AGGRESSIVE;
				CLANG_WARN_UNREACHABLE_CODE = YES;
				CLANG_WARN__DUPLICATE_METHOD_MATCH = YES;
				COPY_PHASE_STRIP = NO;
				DEBUG_INFORMATION_FORMAT = dwarf;
				ENABLE_STRICT_OBJC_MSGSEND = YES;
				ENABLE_TESTABILITY = YES;
				ENABLE_USER_SCRIPT_SANDBOXING = YES;
				GCC_C_LANGUAGE_STANDARD = gnu17;
				GCC_DYNAMIC_NO_PIC = NO;
				GCC_NO_COMMON_BLOCKS = YES;
				GCC_OPTIMIZATION_LEVEL = 0;
				GCC_PREPROCESSOR_DEFINITIONS = (
					"DEBUG=1",
					"$(inherited)",
				);
				GCC_WARN_64_TO_32_BIT_CONVERSION = YES;
				GCC_WARN_ABOUT_RETURN_TYPE = YES_ERROR;
				GCC_WARN_UNDECLARED_SELECTOR = YES;
				GCC_WARN_UNINITIALIZED_AUTOS = YES_AGGRESSIVE;
				GCC_WARN_UNUSED_FUNCTION = YES;
				GCC_WARN_UNUSED_VARIABLE = YES;
				IPHONEOS_DEPLOYMENT_TARGET = 17.0;
				LOCALIZATION_PREFERS_STRING_CATALOGS = YES;
				MTL_ENABLE_DEBUG_INFO = INCLUDE_SOURCE;
				MTL_FAST_MATH = YES;
				ONLY_ACTIVE_ARCH = YES;
				SDKROOT = iphoneos;
				SWIFT_ACTIVE_COMPILATION_CONDITIONS = "DEBUG $(inherited)";
				SWIFT_OPTIMIZATION_LEVEL = "-Onone";
			};
			name = Debug;
		};
		3865F2552B6944AB00A80753 /* Release */ = {
			isa = XCBuildConfiguration;
			buildSettings = {
				ALWAYS_SEARCH_USER_PATHS = NO;
				ASSETCATALOG_COMPILER_GENERATE_SWIFT_ASSET_SYMBOL_EXTENSIONS = YES;
				CLANG_ANALYZER_NONNULL = YES;
				CLANG_ANALYZER_NUMBER_OBJECT_CONVERSION = YES_AGGRESSIVE;
				CLANG_CXX_LANGUAGE_STANDARD = "gnu++20";
				CLANG_ENABLE_MODULES = YES;
				CLANG_ENABLE_OBJC_ARC = YES;
				CLANG_ENABLE_OBJC_WEAK = YES;
				CLANG_WARN_BLOCK_CAPTURE_AUTORELEASING = YES;
				CLANG_WARN_BOOL_CONVERSION = YES;
				CLANG_WARN_COMMA = YES;
				CLANG_WARN_CONSTANT_CONVERSION = YES;
				CLANG_WARN_DEPRECATED_OBJC_IMPLEMENTATIONS = YES;
				CLANG_WARN_DIRECT_OBJC_ISA_USAGE = YES_ERROR;
				CLANG_WARN_DOCUMENTATION_COMMENTS = YES;
				CLANG_WARN_EMPTY_BODY = YES;
				CLANG_WARN_ENUM_CONVERSION = YES;
				CLANG_WARN_INFINITE_RECURSION = YES;
				CLANG_WARN_INT_CONVERSION = YES;
				CLANG_WARN_NON_LITERAL_NULL_CONVERSION = YES;
				CLANG_WARN_OBJC_IMPLICIT_RETAIN_SELF = YES;
				CLANG_WARN_OBJC_LITERAL_CONVERSION = YES;
				CLANG_WARN_OBJC_ROOT_CLASS = YES_ERROR;
				CLANG_WARN_QUOTED_INCLUDE_IN_FRAMEWORK_HEADER = YES;
				CLANG_WARN_RANGE_LOOP_ANALYSIS = YES;
				CLANG_WARN_STRICT_PROTOTYPES = YES;
				CLANG_WARN_SUSPICIOUS_MOVE = YES;
				CLANG_WARN_UNGUARDED_AVAILABILITY = YES_AGGRESSIVE;
				CLANG_WARN_UNREACHABLE_CODE = YES;
				CLANG_WARN__DUPLICATE_METHOD_MATCH = YES;
				COPY_PHASE_STRIP = NO;
				DEBUG_INFORMATION_FORMAT = "dwarf-with-dsym";
				ENABLE_NS_ASSERTIONS = NO;
				ENABLE_STRICT_OBJC_MSGSEND = YES;
				ENABLE_USER_SCRIPT_SANDBOXING = YES;
				GCC_C_LANGUAGE_STANDARD = gnu17;
				GCC_NO_COMMON_BLOCKS = YES;
				GCC_WARN_64_TO_32_BIT_CONVERSION = YES;
				GCC_WARN_ABOUT_RETURN_TYPE = YES_ERROR;
				GCC_WARN_UNDECLARED_SELECTOR = YES;
				GCC_WARN_UNINITIALIZED_AUTOS = YES_AGGRESSIVE;
				GCC_WARN_UNUSED_FUNCTION = YES;
				GCC_WARN_UNUSED_VARIABLE = YES;
				IPHONEOS_DEPLOYMENT_TARGET = 17.0;
				LOCALIZATION_PREFERS_STRING_CATALOGS = YES;
				MTL_ENABLE_DEBUG_INFO = NO;
				MTL_FAST_MATH = YES;
				SDKROOT = iphoneos;
				SWIFT_COMPILATION_MODE = wholemodule;
				VALIDATE_PRODUCT = YES;
			};
			name = Release;
		};
		3865F2572B6944AB00A80753 /* Debug */ = {
			isa = XCBuildConfiguration;
			buildSettings = {
				ASSETCATALOG_COMPILER_APPICON_NAME = AppIcon;
				ASSETCATALOG_COMPILER_GLOBAL_ACCENT_COLOR_NAME = AccentColor;
				CODE_SIGN_STYLE = Automatic;
				CURRENT_PROJECT_VERSION = 1;
				GENERATE_INFOPLIST_FILE = YES;
				INFOPLIST_FILE = Store/Info.plist;
				INFOPLIST_KEY_UIApplicationSupportsIndirectInputEvents = YES;
				INFOPLIST_KEY_UILaunchStoryboardName = LaunchScreen;
				INFOPLIST_KEY_UIMainStoryboardFile = Main;
				INFOPLIST_KEY_UISupportedInterfaceOrientations_iPad = "UIInterfaceOrientationPortrait UIInterfaceOrientationPortraitUpsideDown UIInterfaceOrientationLandscapeLeft UIInterfaceOrientationLandscapeRight";
				INFOPLIST_KEY_UISupportedInterfaceOrientations_iPhone = "UIInterfaceOrientationPortrait UIInterfaceOrientationLandscapeLeft UIInterfaceOrientationLandscapeRight";
				LD_RUNPATH_SEARCH_PATHS = (
					"$(inherited)",
					"@executable_path/Frameworks",
				);
				MARKETING_VERSION = 1.0;
				PRODUCT_BUNDLE_IDENTIFIER = boris.Store;
				PRODUCT_NAME = "$(TARGET_NAME)";
				SWIFT_EMIT_LOC_STRINGS = YES;
				SWIFT_VERSION = 5.0;
				TARGETED_DEVICE_FAMILY = "1,2";
			};
			name = Debug;
		};
		3865F2582B6944AB00A80753 /* Release */ = {
			isa = XCBuildConfiguration;
			buildSettings = {
				ASSETCATALOG_COMPILER_APPICON_NAME = AppIcon;
				ASSETCATALOG_COMPILER_GLOBAL_ACCENT_COLOR_NAME = AccentColor;
				CODE_SIGN_STYLE = Automatic;
				CURRENT_PROJECT_VERSION = 1;
				GENERATE_INFOPLIST_FILE = YES;
				INFOPLIST_FILE = Store/Info.plist;
				INFOPLIST_KEY_UIApplicationSupportsIndirectInputEvents = YES;
				INFOPLIST_KEY_UILaunchStoryboardName = LaunchScreen;
				INFOPLIST_KEY_UIMainStoryboardFile = Main;
				INFOPLIST_KEY_UISupportedInterfaceOrientations_iPad = "UIInterfaceOrientationPortrait UIInterfaceOrientationPortraitUpsideDown UIInterfaceOrientationLandscapeLeft UIInterfaceOrientationLandscapeRight";
				INFOPLIST_KEY_UISupportedInterfaceOrientations_iPhone = "UIInterfaceOrientationPortrait UIInterfaceOrientationLandscapeLeft UIInterfaceOrientationLandscapeRight";
				LD_RUNPATH_SEARCH_PATHS = (
					"$(inherited)",
					"@executable_path/Frameworks",
				);
				MARKETING_VERSION = 1.0;
				PRODUCT_BUNDLE_IDENTIFIER = boris.Store;
				PRODUCT_NAME = "$(TARGET_NAME)";
				SWIFT_EMIT_LOC_STRINGS = YES;
				SWIFT_VERSION = 5.0;
				TARGETED_DEVICE_FAMILY = "1,2";
			};
			name = Release;
		};
/* End XCBuildConfiguration section */

/* Begin XCConfigurationList section */
		3865F23D2B6944A900A80753 /* Build configuration list for PBXProject "Store" */ = {
			isa = XCConfigurationList;
			buildConfigurations = (
				3865F2542B6944AB00A80753 /* Debug */,
				3865F2552B6944AB00A80753 /* Release */,
			);
			defaultConfigurationIsVisible = 0;
			defaultConfigurationName = Release;
		};
		3865F2562B6944AB00A80753 /* Build configuration list for PBXNativeTarget "Store" */ = {
			isa = XCConfigurationList;
			buildConfigurations = (
				3865F2572B6944AB00A80753 /* Debug */,
				3865F2582B6944AB00A80753 /* Release */,
			);
			defaultConfigurationIsVisible = 0;
			defaultConfigurationName = Release;
		};
/* End XCConfigurationList section */
	};
	rootObject = 3865F23A2B6944A900A80753 /* Project object */;
}
